<?xml version="1.0" encoding="utf-8"?>
<Project ToolsVersion="4.0" xmlns="http://schemas.microsoft.com/developer/msbuild/2003">
  <ItemGroup>
    <ClCompile Include="CAbstractScene.cpp" />
    <ClCompile Include="CField.cpp" />
    <ClCompile Include="CGameMain.cpp" />
    <ClCompile Include="CHitPoint.cpp" />
    <ClCompile Include="CPlayer.cpp" />
    <ClCompile Include="CSceneManager.cpp" />
    <ClCompile Include="CTitle.cpp" />
    <ClCompile Include="main.cpp" />
    <ClCompile Include="Object.cpp" />
    <ClCompile Include="Player2.cpp" />
    <ClCompile Include="CPacmanController.cpp" />
  </ItemGroup>
  <ItemGroup>
    <ClInclude Include="CAbstractScene.h" />
    <ClInclude Include="CField.h" />
    <ClInclude Include="CGameMain.h" />
    <ClInclude Include="CHitPoint.h" />
    <ClInclude Include="CPlayer.h" />
    <ClInclude Include="CSceneManager.h" />
    <ClInclude Include="CTitle.h" />
    <ClInclude Include="Object.h" />
    <ClInclude Include="Player2.h" />
    <ClInclude Include="CPacmanController.h" />
  </ItemGroup>
</Project>